
Microsoft Visual Studio Solution File, Format Version 12.00
# Visual Studio Version 17
VisualStudioVersion = 17.8.34316.72
MinimumVisualStudioVersion = 10.0.40219.1
Project("{FAE04EC0-301F-11D3-BF4B-00C04F79EFBC}") = "PresentationLayer", "PresentationLayer\PresentationLayer.csproj", "{08E35C22-FE6D-4A54-9DB2-4F0573B79B80}"
EndProject
Project("{FAE04EC0-301F-11D3-BF4B-00C04F79EFBC}") = "DataAccessLayer", "DataAccessLayer\DataAccessLayer.csproj", "{4CA4046F-83DA-47D4-AF5F-037612BED8A5}"
EndProject
Project("{FAE04EC0-301F-11D3-BF4B-00C04F79EFBC}") = "BusinessLogicLayer", "BusinessLogicLayer\BusinessLogicLayer.csproj", "{BC3776C5-2ECB-47F0-B27A-6F82DE655267}"
EndProject
Global
	GlobalSection(SolutionConfigurationPlatforms) = preSolution
		Debug|Any CPU = Debug|Any CPU
		Release|Any CPU = Release|Any CPU
	EndGlobalSection
	GlobalSection(ProjectConfigurationPlatforms) = postSolution
		{08E35C22-FE6D-4A54-9DB2-4F0573B79B80}.Debug|Any CPU.ActiveCfg = Debug|Any CPU
		{08E35C22-FE6D-4A54-9DB2-4F0573B79B80}.Debug|Any CPU.Build.0 = Debug|Any CPU
		{08E35C22-FE6D-4A54-9DB2-4F0573B79B80}.Release|Any CPU.ActiveCfg = Release|Any CPU
		{08E35C22-FE6D-4A54-9DB2-4F0573B79B80}.Release|Any CPU.Build.0 = Release|Any CPU
		{4CA4046F-83DA-47D4-AF5F-037612BED8A5}.Debug|Any CPU.ActiveCfg = Debug|Any CPU
		{4CA4046F-83DA-47D4-AF5F-037612BED8A5}.Debug|Any CPU.Build.0 = Debug|Any CPU
		{4CA4046F-83DA-47D4-AF5F-037612BED8A5}.Release|Any CPU.ActiveCfg = Release|Any CPU
		{4CA4046F-83DA-47D4-AF5F-037612BED8A5}.Release|Any CPU.Build.0 = Release|Any CPU
		{BC3776C5-2ECB-47F0-B27A-6F82DE655267}.Debug|Any CPU.ActiveCfg = Debug|Any CPU
		{BC3776C5-2ECB-47F0-B27A-6F82DE655267}.Debug|Any CPU.Build.0 = Debug|Any CPU
		{BC3776C5-2ECB-47F0-B27A-6F82DE655267}.Release|Any CPU.ActiveCfg = Release|Any CPU
		{BC3776C5-2ECB-47F0-B27A-6F82DE655267}.Release|Any CPU.Build.0 = Release|Any CPU
	EndGlobalSection
	GlobalSection(SolutionProperties) = preSolution
		HideSolutionNode = FALSE
	EndGlobalSection
	GlobalSection(ExtensibilityGlobals) = postSolution
		SolutionGuid = {26DE9AC7-2635-4C45-A119-4DFE660D08D1}
	EndGlobalSection
EndGlobal
